<?xml version="1.0" encoding="UTF-8"?>
<!DOCTYPE plist PUBLIC "-//Apple//DTD PLIST 1.0//EN" "http://www.apple.com/DTDs/PropertyList-1.0.dtd">
<plist version="1.0">
<dict>
	<key>archiveVersion</key>
	<string>1</string>
	<key>classes</key>
	<dict/>
	<key>objectVersion</key>
	<string>46</string>
	<key>objects</key>
	<dict>
		<key>AppUnderTestBuildConfig</key>
		<dict>
			<key>buildSettings</key>
			<dict>
				<key>CODE_SIGNING_REQUIRED</key>
				<string>NO</string>
				<key>CODE_SIGN_IDENTITY</key>
				<string></string>
				<key>DEVELOPMENT_TEAM</key>
				<string></string>
				<key>INFOPLIST_FILE</key>
				<string>$(BUILT_PRODUCTS_DIR)/$(APP_UNDER_TEST_NAME).app/Info.plist</string>
				<key>PRODUCT_BUNDLE_IDENTIFIER</key>
				<string></string>
				<key>PRODUCT_NAME</key>
				<string>$(APP_UNDER_TEST_NAME)</string>
				<key>PROVISIONING_PROFILE_SPECIFIER</key>
				<string></string>
			</dict>
			<key>isa</key>
			<string>XCBuildConfiguration</string>
			<key>name</key>
			<string>Debug</string>
		</dict>
		<key>AppUnderTestBuildConfigList</key>
		<dict>
			<key>buildConfigurations</key>
			<array>
				<string>AppUnderTestBuildConfig</string>
			</array>
			<key>defaultConfigurationIsVisible</key>
			<string>0</string>
			<key>isa</key>
			<string>XCConfigurationList</string>
		</dict>
		<key>AppUnderTestFile</key>
		<dict>
			<key>explicitFileType</key>
			<string>wrapper.application</string>
			<key>includeInIndex</key>
			<string>0</string>
			<key>isa</key>
			<string>PBXFileReference</string>
			<key>path</key>
			<string>.app</string>
			<key>sourceTree</key>
			<string>BUILT_PRODUCTS_DIR</string>
		</dict>
		<key>AppUnderTestTarget</key>
		<dict>
			<key>buildConfigurationList</key>
			<string>AppUnderTestBuildConfigList</string>
			<key>buildPhases</key>
			<array/>
			<key>buildRules</key>
			<array/>
			<key>dependencies</key>
			<array/>
			<key>isa</key>
			<string>PBXNativeTarget</string>
			<key>name</key>
			<string>%AppUnderTestName%</string>
			<key>productName</key>
			<string>%AppUnderTestName%</string>
			<key>productReference</key>
			<string>AppUnderTestFile</string>
			<key>productType</key>
			<string>com.apple.product-type.application</string>
		</dict>
		<key>TestProjectBuildConfig</key>
		<dict>
			<key>buildSettings</key>
			<dict>
				<key>IPHONEOS_DEPLOYMENT_TARGET</key>
				<string></string>
				<key>SDKROOT</key>
				<string>iphoneos</string>
				<key>APP_UNDER_TEST_NAME</key>
				<string></string>
				<key>XCTEST_BUNDLE_NAME</key>
				<string></string>
				<key>XCUITEST_BUNDLE_NAME</key>
				<string></string>
			</dict>
			<key>isa</key>
			<string>XCBuildConfiguration</string>
			<key>name</key>
			<string>Debug</string>
		</dict>
		<key>TestProjectBuildConfigList</key>
		<dict>
			<key>buildConfigurations</key>
			<array>
				<string>TestProjectBuildConfig</string>
			</array>
			<key>defaultConfigurationIsVisible</key>
			<string>0</string>
			<key>defaultConfigurationName</key>
			<string>Debug</string>
			<key>isa</key>
			<string>XCConfigurationList</string>
		</dict>
		<key>TestProjectGroup</key>
		<dict>
			<key>children</key>
			<array>
				<string>TestProjectProducts</string>
			</array>
			<key>isa</key>
			<string>PBXGroup</string>
			<key>sourceTree</key>
			<string>&lt;group&gt;</string>
		</dict>
		<key>TestProjectObject</key>
		<dict>
			<key>attributes</key>
			<dict>
				<key>LastUpgradeCheck</key>
				<string>0720</string>
				<key>ORGANIZATIONNAME</key>
				<string>Google Inc</string>
				<key>TargetAttributes</key>
				<dict>
					<key>AppUnderTestTarget</key>
					<dict>
						<key>CreatedOnToolsVersion</key>
						<string>7.2</string>
					</dict>
					<key>XCTestBundleTarget</key>
					<dict>
						<key>CreatedOnToolsVersion</key>
						<string>7.2</string>
						<key>TestTargetID</key>
						<string>AppUnderTestTarget</string>
					</dict>
					<key>XCUITestBundleTarget</key>
					<dict>
						<key>CreatedOnToolsVersion</key>
						<string>8.0</string>
						<key>TestTargetID</key>
						<string>AppUnderTestTarget</string>
					</dict>
				</dict>
			</dict>
			<key>buildConfigurationList</key>
			<string>TestProjectBuildConfigList</string>
			<key>compatibilityVersion</key>
			<string>Xcode 3.2</string>
			<key>developmentRegion</key>
			<string>English</string>
			<key>hasScannedForEncodings</key>
			<string>0</string>
			<key>isa</key>
			<string>PBXProject</string>
			<key>knownRegions</key>
			<array>
				<string>en</string>
				<string>Base</string>
			</array>
			<key>mainGroup</key>
			<string>TestProjectGroup</string>
			<key>productRefGroup</key>
			<string>TestProjectProducts</string>
			<key>projectDirPath</key>
			<string></string>
			<key>projectRoot</key>
			<string></string>
			<key>targets</key>
			<array>
				<string>AppUnderTestTarget</string>
				<string>XCTestBundleTarget</string>
				<string>XCUITestBundleTarget</string>
			</array>
		</dict>
		<key>TestProjectProducts</key>
		<dict>
			<key>children</key>
			<array>
				<string>AppUnderTestFile</string>
				<string>XCTestBundleFile</string>
				<string>XCUITestBundleFile</string>
			</array>
			<key>isa</key>
			<string>PBXGroup</string>
			<key>name</key>
			<string>Products</string>
			<key>sourceTree</key>
			<string>&lt;group&gt;</string>
		</dict>
		<key>XCTestBundleBuildConfig</key>
		<dict>
			<key>buildSettings</key>
			<dict>
				<key>CODE_SIGN_IDENTITY</key>
				<string></string>
				<key>DEVELOPMENT_TEAM</key>
				<string></string>
				<key>INFOPLIST_FILE</key>
				<string>$(BUILT_PRODUCTS_DIR)/$(XCTEST_BUNDLE_NAME).xctest/Info.plist</string>
				<key>PRODUCT_NAME</key>
				<string>$(XCTEST_BUNDLE_NAME)</string>
				<key>TEST_HOST</key>
				<string>$(BUILT_PRODUCTS_DIR)/$(APP_UNDER_TEST_NAME).app/$(APP_UNDER_TEST_NAME)</string>
			</dict>
			<key>isa</key>
			<string>XCBuildConfiguration</string>
			<key>name</key>
			<string>Debug</string>
		</dict>
		<key>XCTestBundleBuildConfigList</key>
		<dict>
			<key>buildConfigurations</key>
			<array>
				<string>XCTestBundleBuildConfig</string>
			</array>
			<key>defaultConfigurationIsVisible</key>
			<string>0</string>
			<key>isa</key>
			<string>XCConfigurationList</string>
		</dict>
		<key>XCTestBundleFile</key>
		<dict>
			<key>explicitFileType</key>
			<string>wrapper.cfbundle</string>
			<key>includeInIndex</key>
			<string>0</string>
			<key>isa</key>
			<string>PBXFileReference</string>
			<key>path</key>
			<string>.xctest</string>
			<key>sourceTree</key>
			<string>BUILT_PRODUCTS_DIR</string>
		</dict>
		<key>XCTestBundleTarget</key>
		<dict>
			<key>buildConfigurationList</key>
			<string>XCTestBundleBuildConfigList</string>
			<key>buildPhases</key>
			<array/>
			<key>buildRules</key>
			<array/>
			<key>dependencies</key>
			<array/>
			<key>isa</key>
			<string>PBXNativeTarget</string>
			<key>name</key>
			<string>%XCTestBundleName%</string>
			<key>productName</key>
			<string>%XCTestBundleName%</string>
			<key>productReference</key>
			<string>XCTestBundleFile</string>
			<key>productType</key>
			<string>com.apple.product-type.bundle.unit-test</string>
		</dict>
		<key>XCUITestBundleBuildConfig</key>
		<dict>
			<key>buildSettings</key>
			<dict>
				<key>CODE_SIGN_IDENTITY</key>
				<string></string>
				<key>DEVELOPMENT_TEAM</key>
				<string></string>
				<key>INFOPLIST_FILE</key>
				<string>$(BUILT_PRODUCTS_DIR)/$(XCUITEST_BUNDLE_NAME).xctest/Info.plist</string>
				<key>PRODUCT_BUNDLE_IDENTIFIER</key>
				<string></string>
				<key>PRODUCT_NAME</key>
				<string>$(XCUITEST_BUNDLE_NAME)</string>
				<key>PROVISIONING_PROFILE_SPECIFIER</key>
				<string></string>
				<key>TEST_TARGET_NAME</key>
				<string>$(APP_UNDER_TEST_NAME)</string>
				<key>USES_XCTRUNNER</key>
				<string>true</string>
			</dict>
			<key>isa</key>
			<string>XCBuildConfiguration</string>
			<key>name</key>
			<string>Debug</string>
		</dict>
		<key>XCUITestBundleBuildConfigList</key>
		<dict>
			<key>buildConfigurations</key>
			<array>
				<string>XCUITestBundleBuildConfig</string>
			</array>
			<key>defaultConfigurationIsVisible</key>
			<string>0</string>
			<key>isa</key>
			<string>XCConfigurationList</string>
		</dict>
		<key>XCUITestBundleFile</key>
		<dict>
			<key>explicitFileType</key>
			<string>wrapper.cfbundle</string>
			<key>includeInIndex</key>
			<string>0</string>
			<key>isa</key>
			<string>PBXFileReference</string>
			<key>path</key>
			<string>UITests.xctest</string>
			<key>sourceTree</key>
			<string>BUILT_PRODUCTS_DIR</string>
		</dict>
		<key>XCUITestBundleTarget</key>
		<dict>
			<key>buildConfigurationList</key>
			<string>XCUITestBundleBuildConfigList</string>
			<key>buildPhases</key>
			<array/>
			<key>buildRules</key>
			<array/>
			<key>dependencies</key>
			<array/>
			<key>isa</key>
			<string>PBXNativeTarget</string>
			<key>name</key>
			<string>%XCUITestBundleName%</string>
			<key>productName</key>
			<string>%XCUITestBundleName%</string>
			<key>productReference</key>
			<string>XCUITestBundleFile</string>
			<key>productType</key>
			<string>com.apple.product-type.bundle.ui-testing</string>
		</dict>
	</dict>
	<key>rootObject</key>
	<string>TestProjectObject</string>
</dict>
</plist>
